
Microsoft Visual Studio Solution File, Format Version 12.00
# Visual Studio 15
VisualStudioVersion = 15.0.26124.0
MinimumVisualStudioVersion = 15.0.26124.0
Project("{2150E333-8FDC-42A3-9474-1A3956D46DE8}") = "src", "src", "{AF29BAAE-CEBB-4131-98E6-A93DE1F2DD07}"
EndProject
Project("{FAE04EC0-301F-11D3-BF4B-00C04F79EFBC}") = "AdventOfCode", "src\AdventOfCode\AdventOfCode.csproj", "{74AF7EA5-D9C8-46C1-B756-D262CC95AAFC}"
EndProject
Global
	GlobalSection(SolutionConfigurationPlatforms) = preSolution
		Debug|Any CPU = Debug|Any CPU
		Debug|x64 = Debug|x64
		Debug|x86 = Debug|x86
		Release|Any CPU = Release|Any CPU
		Release|x64 = Release|x64
		Release|x86 = Release|x86
	EndGlobalSection
	GlobalSection(SolutionProperties) = preSolution
		HideSolutionNode = FALSE
	EndGlobalSection
	GlobalSection(ProjectConfigurationPlatforms) = postSolution
		{74AF7EA5-D9C8-46C1-B756-D262CC95AAFC}.Debug|Any CPU.ActiveCfg = Debug|Any CPU
		{74AF7EA5-D9C8-46C1-B756-D262CC95AAFC}.Debug|Any CPU.Build.0 = Debug|Any CPU
		{74AF7EA5-D9C8-46C1-B756-D262CC95AAFC}.Debug|x64.ActiveCfg = Debug|Any CPU
		{74AF7EA5-D9C8-46C1-B756-D262CC95AAFC}.Debug|x64.Build.0 = Debug|Any CPU
		{74AF7EA5-D9C8-46C1-B756-D262CC95AAFC}.Debug|x86.ActiveCfg = Debug|Any CPU
		{74AF7EA5-D9C8-46C1-B756-D262CC95AAFC}.Debug|x86.Build.0 = Debug|Any CPU
		{74AF7EA5-D9C8-46C1-B756-D262CC95AAFC}.Release|Any CPU.ActiveCfg = Release|Any CPU
		{74AF7EA5-D9C8-46C1-B756-D262CC95AAFC}.Release|Any CPU.Build.0 = Release|Any CPU
		{74AF7EA5-D9C8-46C1-B756-D262CC95AAFC}.Release|x64.ActiveCfg = Release|Any CPU
		{74AF7EA5-D9C8-46C1-B756-D262CC95AAFC}.Release|x64.Build.0 = Release|Any CPU
		{74AF7EA5-D9C8-46C1-B756-D262CC95AAFC}.Release|x86.ActiveCfg = Release|Any CPU
		{74AF7EA5-D9C8-46C1-B756-D262CC95AAFC}.Release|x86.Build.0 = Release|Any CPU
	EndGlobalSection
	GlobalSection(NestedProjects) = preSolution
		{74AF7EA5-D9C8-46C1-B756-D262CC95AAFC} = {AF29BAAE-CEBB-4131-98E6-A93DE1F2DD07}
	EndGlobalSection
EndGlobal
