
Microsoft Visual Studio Solution File, Format Version 12.00
# Visual Studio Version 16
VisualStudioVersion = 16.0.30114.105
MinimumVisualStudioVersion = 10.0.40219.1
Project("{2150E333-8FDC-42A3-9474-1A3956D46DE8}") = "src", "src", "{CF1CFE78-A6B9-4496-BBB7-525EBF84985B}"
EndProject
Project("{FAE04EC0-301F-11D3-BF4B-00C04F79EFBC}") = "AdventOfCode", "src\AdventOfCode\AdventOfCode.csproj", "{07926D7D-6CAE-4D89-A92E-EBE613ABDD58}"
EndProject
Global
	GlobalSection(SolutionConfigurationPlatforms) = preSolution
		Debug|Any CPU = Debug|Any CPU
		Release|Any CPU = Release|Any CPU
	EndGlobalSection
	GlobalSection(SolutionProperties) = preSolution
		HideSolutionNode = FALSE
	EndGlobalSection
	GlobalSection(ProjectConfigurationPlatforms) = postSolution
		{07926D7D-6CAE-4D89-A92E-EBE613ABDD58}.Debug|Any CPU.ActiveCfg = Debug|Any CPU
		{07926D7D-6CAE-4D89-A92E-EBE613ABDD58}.Debug|Any CPU.Build.0 = Debug|Any CPU
		{07926D7D-6CAE-4D89-A92E-EBE613ABDD58}.Release|Any CPU.ActiveCfg = Release|Any CPU
		{07926D7D-6CAE-4D89-A92E-EBE613ABDD58}.Release|Any CPU.Build.0 = Release|Any CPU
	EndGlobalSection
	GlobalSection(NestedProjects) = preSolution
		{07926D7D-6CAE-4D89-A92E-EBE613ABDD58} = {CF1CFE78-A6B9-4496-BBB7-525EBF84985B}
	EndGlobalSection
EndGlobal
